<Solution>
    <Folder Name="/src/">
        <Project Path="src/LlmVoucherGateway.Api/LlmVoucherGateway.Api.csproj" />
        <Project Path="src/LlmVoucherGateway.Domain/LlmVoucherGateway.Domain.csproj" />
    </Folder>
    <Folder Name="/tests/">
        <Project Path="tests/LlmVoucherGateway.Domain.UnitTests/LlmVoucherGateway.Domain.UnitTests.csproj" />
    </Folder>
</Solution>
